
Microsoft Visual Studio Solution File, Format Version 12.00
# Visual Studio Version 16
VisualStudioVersion = 16.0.31911.196
MinimumVisualStudioVersion = 10.0.40219.1
Project("{FAE04EC0-301F-11D3-BF4B-00C04F79EFBC}") = "Yura", "Yura\Yura.csproj", "{7D73C719-E756-4019-9C62-B318F1B61776}"
EndProject
Global
	GlobalSection(SolutionConfigurationPlatforms) = preSolution
		Debug|Any CPU = Debug|Any CPU
		Release|Any CPU = Release|Any CPU
	EndGlobalSection
	GlobalSection(ProjectConfigurationPlatforms) = postSolution
		{7D73C719-E756-4019-9C62-B318F1B61776}.Debug|Any CPU.ActiveCfg = Debug|Any CPU
		{7D73C719-E756-4019-9C62-B318F1B61776}.Debug|Any CPU.Build.0 = Debug|Any CPU
		{7D73C719-E756-4019-9C62-B318F1B61776}.Release|Any CPU.ActiveCfg = Release|Any CPU
		{7D73C719-E756-4019-9C62-B318F1B61776}.Release|Any CPU.Build.0 = Release|Any CPU
	EndGlobalSection
	GlobalSection(SolutionProperties) = preSolution
		HideSolutionNode = FALSE
	EndGlobalSection
	GlobalSection(ExtensibilityGlobals) = postSolution
		SolutionGuid = {3179DBB9-DDB5-4BC9-86C5-19DE306F060E}
	EndGlobalSection
EndGlobal
